
Microsoft Visual Studio Solution File, Format Version 12.00
# Visual Studio Version 17
VisualStudioVersion = 17.9.34714.143
MinimumVisualStudioVersion = 10.0.40219.1
Project("{9A19103F-16F7-4668-BE54-9A1E7A4F7556}") = "WpfPrism", "WpfPrism\WpfPrism.csproj", "{A081FDA5-5A5D-4940-A660-5C04BB264E1E}"
EndProject
Project("{FAE04EC0-301F-11D3-BF4B-00C04F79EFBC}") = "ModuleA", "ModuleA\ModuleA.csproj", "{6DF3092A-3716-4A87-A5C5-E875746AD5D7}"
EndProject
Project("{FAE04EC0-301F-11D3-BF4B-00C04F79EFBC}") = "ModuleB", "ModuleB\ModuleB.csproj", "{DE341755-4493-4BA0-9BF5-91D5D14BE570}"
EndProject
Global
	GlobalSection(SolutionConfigurationPlatforms) = preSolution
		Debug|Any CPU = Debug|Any CPU
		Release|Any CPU = Release|Any CPU
	EndGlobalSection
	GlobalSection(ProjectConfigurationPlatforms) = postSolution
		{A081FDA5-5A5D-4940-A660-5C04BB264E1E}.Debug|Any CPU.ActiveCfg = Debug|Any CPU
		{A081FDA5-5A5D-4940-A660-5C04BB264E1E}.Debug|Any CPU.Build.0 = Debug|Any CPU
		{A081FDA5-5A5D-4940-A660-5C04BB264E1E}.Release|Any CPU.ActiveCfg = Release|Any CPU
		{A081FDA5-5A5D-4940-A660-5C04BB264E1E}.Release|Any CPU.Build.0 = Release|Any CPU
		{6DF3092A-3716-4A87-A5C5-E875746AD5D7}.Debug|Any CPU.ActiveCfg = Debug|Any CPU
		{6DF3092A-3716-4A87-A5C5-E875746AD5D7}.Debug|Any CPU.Build.0 = Debug|Any CPU
		{6DF3092A-3716-4A87-A5C5-E875746AD5D7}.Release|Any CPU.ActiveCfg = Release|Any CPU
		{6DF3092A-3716-4A87-A5C5-E875746AD5D7}.Release|Any CPU.Build.0 = Release|Any CPU
		{DE341755-4493-4BA0-9BF5-91D5D14BE570}.Debug|Any CPU.ActiveCfg = Debug|Any CPU
		{DE341755-4493-4BA0-9BF5-91D5D14BE570}.Debug|Any CPU.Build.0 = Debug|Any CPU
		{DE341755-4493-4BA0-9BF5-91D5D14BE570}.Release|Any CPU.ActiveCfg = Release|Any CPU
		{DE341755-4493-4BA0-9BF5-91D5D14BE570}.Release|Any CPU.Build.0 = Release|Any CPU
	EndGlobalSection
	GlobalSection(SolutionProperties) = preSolution
		HideSolutionNode = FALSE
	EndGlobalSection
	GlobalSection(ExtensibilityGlobals) = postSolution
		SolutionGuid = {3FC566BB-72D8-460C-81F7-D3063616CEE3}
	EndGlobalSection
EndGlobal
